
Microsoft Visual Studio Solution File, Format Version 12.00
# Visual Studio Version 17
VisualStudioVersion = 17.13.35825.156 d17.13
MinimumVisualStudioVersion = 10.0.40219.1
Project("{FAE04EC0-301F-11D3-BF4B-00C04F79EFBC}") = "Indvidual-Project-Todolist", "Indvidual-Project-Todolist.csproj", "{5E658E3F-2ECD-4362-A085-5DA1F70A5CB2}"
EndProject
Global
	GlobalSection(SolutionConfigurationPlatforms) = preSolution
		Debug|Any CPU = Debug|Any CPU
		Release|Any CPU = Release|Any CPU
	EndGlobalSection
	GlobalSection(ProjectConfigurationPlatforms) = postSolution
		{5E658E3F-2ECD-4362-A085-5DA1F70A5CB2}.Debug|Any CPU.ActiveCfg = Debug|Any CPU
		{5E658E3F-2ECD-4362-A085-5DA1F70A5CB2}.Debug|Any CPU.Build.0 = Debug|Any CPU
		{5E658E3F-2ECD-4362-A085-5DA1F70A5CB2}.Release|Any CPU.ActiveCfg = Release|Any CPU
		{5E658E3F-2ECD-4362-A085-5DA1F70A5CB2}.Release|Any CPU.Build.0 = Release|Any CPU
	EndGlobalSection
	GlobalSection(SolutionProperties) = preSolution
		HideSolutionNode = FALSE
	EndGlobalSection
	GlobalSection(ExtensibilityGlobals) = postSolution
		SolutionGuid = {8851B585-06E9-46A3-B093-DD1EE8B03062}
	EndGlobalSection
EndGlobal
